
Microsoft Visual Studio Solution File, Format Version 12.00
# Visual Studio Version 17
VisualStudioVersion = 17.6.33829.357
MinimumVisualStudioVersion = 10.0.40219.1
Project("{FAE04EC0-301F-11D3-BF4B-00C04F79EFBC}") = "Biletci Ahmet", "Biletci Ahmet\Biletci Ahmet.csproj", "{AB0AC08A-831E-43A2-9B89-00091DBC8F0A}"
EndProject
Global
	GlobalSection(SolutionConfigurationPlatforms) = preSolution
		Debug|Any CPU = Debug|Any CPU
		Release|Any CPU = Release|Any CPU
	EndGlobalSection
	GlobalSection(ProjectConfigurationPlatforms) = postSolution
		{AB0AC08A-831E-43A2-9B89-00091DBC8F0A}.Debug|Any CPU.ActiveCfg = Debug|Any CPU
		{AB0AC08A-831E-43A2-9B89-00091DBC8F0A}.Debug|Any CPU.Build.0 = Debug|Any CPU
		{AB0AC08A-831E-43A2-9B89-00091DBC8F0A}.Release|Any CPU.ActiveCfg = Release|Any CPU
		{AB0AC08A-831E-43A2-9B89-00091DBC8F0A}.Release|Any CPU.Build.0 = Release|Any CPU
	EndGlobalSection
	GlobalSection(SolutionProperties) = preSolution
		HideSolutionNode = FALSE
	EndGlobalSection
	GlobalSection(ExtensibilityGlobals) = postSolution
		SolutionGuid = {BBFD4549-2572-445A-98BD-67E151EF25FB}
	EndGlobalSection
EndGlobal
